
Microsoft Visual Studio Solution File, Format Version 12.00
# Visual Studio Version 17
VisualStudioVersion = 17.3.32901.215
MinimumVisualStudioVersion = 10.0.40219.1
Project("{8BC9CEB8-8B4A-11D0-8D11-00A0C91BC942}") = "SIC-Simulator", "SIC-Simulator.vcxproj", "{798010F4-3656-4104-8F56-65D5C2EAA807}"
EndProject
Global
	GlobalSection(SolutionConfigurationPlatforms) = preSolution
		Debug|x64 = Debug|x64
		Debug|x86 = Debug|x86
		Release|x64 = Release|x64
		Release|x86 = Release|x86
	EndGlobalSection
	GlobalSection(ProjectConfigurationPlatforms) = postSolution
		{798010F4-3656-4104-8F56-65D5C2EAA807}.Debug|x64.ActiveCfg = Debug|x64
		{798010F4-3656-4104-8F56-65D5C2EAA807}.Debug|x64.Build.0 = Debug|x64
		{798010F4-3656-4104-8F56-65D5C2EAA807}.Debug|x86.ActiveCfg = Debug|Win32
		{798010F4-3656-4104-8F56-65D5C2EAA807}.Debug|x86.Build.0 = Debug|Win32
		{798010F4-3656-4104-8F56-65D5C2EAA807}.Release|x64.ActiveCfg = Release|x64
		{798010F4-3656-4104-8F56-65D5C2EAA807}.Release|x64.Build.0 = Release|x64
		{798010F4-3656-4104-8F56-65D5C2EAA807}.Release|x86.ActiveCfg = Release|Win32
		{798010F4-3656-4104-8F56-65D5C2EAA807}.Release|x86.Build.0 = Release|Win32
	EndGlobalSection
	GlobalSection(SolutionProperties) = preSolution
		HideSolutionNode = FALSE
	EndGlobalSection
	GlobalSection(ExtensibilityGlobals) = postSolution
		SolutionGuid = {11736D17-8266-410B-82D6-33AEFB929377}
	EndGlobalSection
EndGlobal
